
Microsoft Visual Studio Solution File, Format Version 12.00
# Visual Studio Version 17
VisualStudioVersion = 17.6.33717.318
MinimumVisualStudioVersion = 10.0.40219.1
Project("{FAE04EC0-301F-11D3-BF4B-00C04F79EFBC}") = "TaskManagementApplication", "TaskManagementCleanArchitecture\TaskManagementApplication.csproj", "{E178F999-B74F-4B2B-9FFD-C6DE972A1DA1}"
EndProject
Project("{FAE04EC0-301F-11D3-BF4B-00C04F79EFBC}") = "TaskManagementLibrary", "Library\TaskManagementLibrary.csproj", "{45AC9FAF-61E6-4C02-B97F-DC251C5EE4A4}"
EndProject
Global
	GlobalSection(SolutionConfigurationPlatforms) = preSolution
		Debug|Any CPU = Debug|Any CPU
		Debug|ARM = Debug|ARM
		Debug|ARM64 = Debug|ARM64
		Debug|x64 = Debug|x64
		Debug|x86 = Debug|x86
		Release|Any CPU = Release|Any CPU
		Release|ARM = Release|ARM
		Release|ARM64 = Release|ARM64
		Release|x64 = Release|x64
		Release|x86 = Release|x86
	EndGlobalSection
	GlobalSection(ProjectConfigurationPlatforms) = postSolution
		{E178F999-B74F-4B2B-9FFD-C6DE972A1DA1}.Debug|Any CPU.ActiveCfg = Debug|x64
		{E178F999-B74F-4B2B-9FFD-C6DE972A1DA1}.Debug|Any CPU.Build.0 = Debug|x64
		{E178F999-B74F-4B2B-9FFD-C6DE972A1DA1}.Debug|Any CPU.Deploy.0 = Debug|x64
		{E178F999-B74F-4B2B-9FFD-C6DE972A1DA1}.Debug|ARM.ActiveCfg = Debug|ARM
		{E178F999-B74F-4B2B-9FFD-C6DE972A1DA1}.Debug|ARM.Build.0 = Debug|ARM
		{E178F999-B74F-4B2B-9FFD-C6DE972A1DA1}.Debug|ARM.Deploy.0 = Debug|ARM
		{E178F999-B74F-4B2B-9FFD-C6DE972A1DA1}.Debug|ARM64.ActiveCfg = Debug|ARM64
		{E178F999-B74F-4B2B-9FFD-C6DE972A1DA1}.Debug|ARM64.Build.0 = Debug|ARM64
		{E178F999-B74F-4B2B-9FFD-C6DE972A1DA1}.Debug|ARM64.Deploy.0 = Debug|ARM64
		{E178F999-B74F-4B2B-9FFD-C6DE972A1DA1}.Debug|x64.ActiveCfg = Debug|x64
		{E178F999-B74F-4B2B-9FFD-C6DE972A1DA1}.Debug|x64.Build.0 = Debug|x64
		{E178F999-B74F-4B2B-9FFD-C6DE972A1DA1}.Debug|x64.Deploy.0 = Debug|x64
		{E178F999-B74F-4B2B-9FFD-C6DE972A1DA1}.Debug|x86.ActiveCfg = Debug|x86
		{E178F999-B74F-4B2B-9FFD-C6DE972A1DA1}.Debug|x86.Build.0 = Debug|x86
		{E178F999-B74F-4B2B-9FFD-C6DE972A1DA1}.Debug|x86.Deploy.0 = Debug|x86
		{E178F999-B74F-4B2B-9FFD-C6DE972A1DA1}.Release|Any CPU.ActiveCfg = Release|x64
		{E178F999-B74F-4B2B-9FFD-C6DE972A1DA1}.Release|Any CPU.Build.0 = Release|x64
		{E178F999-B74F-4B2B-9FFD-C6DE972A1DA1}.Release|Any CPU.Deploy.0 = Release|x64
		{E178F999-B74F-4B2B-9FFD-C6DE972A1DA1}.Release|ARM.ActiveCfg = Release|ARM
		{E178F999-B74F-4B2B-9FFD-C6DE972A1DA1}.Release|ARM.Build.0 = Release|ARM
		{E178F999-B74F-4B2B-9FFD-C6DE972A1DA1}.Release|ARM.Deploy.0 = Release|ARM
		{E178F999-B74F-4B2B-9FFD-C6DE972A1DA1}.Release|ARM64.ActiveCfg = Release|ARM64
		{E178F999-B74F-4B2B-9FFD-C6DE972A1DA1}.Release|ARM64.Build.0 = Release|ARM64
		{E178F999-B74F-4B2B-9FFD-C6DE972A1DA1}.Release|ARM64.Deploy.0 = Release|ARM64
		{E178F999-B74F-4B2B-9FFD-C6DE972A1DA1}.Release|x64.ActiveCfg = Release|x64
		{E178F999-B74F-4B2B-9FFD-C6DE972A1DA1}.Release|x64.Build.0 = Release|x64
		{E178F999-B74F-4B2B-9FFD-C6DE972A1DA1}.Release|x64.Deploy.0 = Release|x64
		{E178F999-B74F-4B2B-9FFD-C6DE972A1DA1}.Release|x86.ActiveCfg = Release|x86
		{E178F999-B74F-4B2B-9FFD-C6DE972A1DA1}.Release|x86.Build.0 = Release|x86
		{E178F999-B74F-4B2B-9FFD-C6DE972A1DA1}.Release|x86.Deploy.0 = Release|x86
		{45AC9FAF-61E6-4C02-B97F-DC251C5EE4A4}.Debug|Any CPU.ActiveCfg = Debug|Any CPU
		{45AC9FAF-61E6-4C02-B97F-DC251C5EE4A4}.Debug|Any CPU.Build.0 = Debug|Any CPU
		{45AC9FAF-61E6-4C02-B97F-DC251C5EE4A4}.Debug|ARM.ActiveCfg = Debug|ARM
		{45AC9FAF-61E6-4C02-B97F-DC251C5EE4A4}.Debug|ARM.Build.0 = Debug|ARM
		{45AC9FAF-61E6-4C02-B97F-DC251C5EE4A4}.Debug|ARM64.ActiveCfg = Debug|ARM64
		{45AC9FAF-61E6-4C02-B97F-DC251C5EE4A4}.Debug|ARM64.Build.0 = Debug|ARM64
		{45AC9FAF-61E6-4C02-B97F-DC251C5EE4A4}.Debug|x64.ActiveCfg = Debug|x64
		{45AC9FAF-61E6-4C02-B97F-DC251C5EE4A4}.Debug|x64.Build.0 = Debug|x64
		{45AC9FAF-61E6-4C02-B97F-DC251C5EE4A4}.Debug|x86.ActiveCfg = Debug|x86
		{45AC9FAF-61E6-4C02-B97F-DC251C5EE4A4}.Debug|x86.Build.0 = Debug|x86
		{45AC9FAF-61E6-4C02-B97F-DC251C5EE4A4}.Release|Any CPU.ActiveCfg = Release|Any CPU
		{45AC9FAF-61E6-4C02-B97F-DC251C5EE4A4}.Release|Any CPU.Build.0 = Release|Any CPU
		{45AC9FAF-61E6-4C02-B97F-DC251C5EE4A4}.Release|ARM.ActiveCfg = Release|ARM
		{45AC9FAF-61E6-4C02-B97F-DC251C5EE4A4}.Release|ARM.Build.0 = Release|ARM
		{45AC9FAF-61E6-4C02-B97F-DC251C5EE4A4}.Release|ARM64.ActiveCfg = Release|ARM64
		{45AC9FAF-61E6-4C02-B97F-DC251C5EE4A4}.Release|ARM64.Build.0 = Release|ARM64
		{45AC9FAF-61E6-4C02-B97F-DC251C5EE4A4}.Release|x64.ActiveCfg = Release|x64
		{45AC9FAF-61E6-4C02-B97F-DC251C5EE4A4}.Release|x64.Build.0 = Release|x64
		{45AC9FAF-61E6-4C02-B97F-DC251C5EE4A4}.Release|x86.ActiveCfg = Release|x86
		{45AC9FAF-61E6-4C02-B97F-DC251C5EE4A4}.Release|x86.Build.0 = Release|x86
	EndGlobalSection
	GlobalSection(SolutionProperties) = preSolution
		HideSolutionNode = FALSE
	EndGlobalSection
	GlobalSection(ExtensibilityGlobals) = postSolution
		SolutionGuid = {52727237-B32A-4EFD-90D9-E38EF20D670C}
	EndGlobalSection
EndGlobal
